
Microsoft Visual Studio Solution File, Format Version 12.00
# Visual Studio Version 16
VisualStudioVersion = 16.0.33214.272
MinimumVisualStudioVersion = 10.0.40219.1
Project("{FAE04EC0-301F-11D3-BF4B-00C04F79EFBC}") = "Shopee-Automate", "Shopee-Automate\Shopee-Automate.csproj", "{BCAD57FA-848F-4C7C-BABB-F85B6ACC810B}"
EndProject
Global
	GlobalSection(SolutionConfigurationPlatforms) = preSolution
		Debug|Any CPU = Debug|Any CPU
		Release|Any CPU = Release|Any CPU
	EndGlobalSection
	GlobalSection(ProjectConfigurationPlatforms) = postSolution
		{BCAD57FA-848F-4C7C-BABB-F85B6ACC810B}.Debug|Any CPU.ActiveCfg = Debug|Any CPU
		{BCAD57FA-848F-4C7C-BABB-F85B6ACC810B}.Debug|Any CPU.Build.0 = Debug|Any CPU
		{BCAD57FA-848F-4C7C-BABB-F85B6ACC810B}.Release|Any CPU.ActiveCfg = Release|Any CPU
		{BCAD57FA-848F-4C7C-BABB-F85B6ACC810B}.Release|Any CPU.Build.0 = Release|Any CPU
	EndGlobalSection
	GlobalSection(SolutionProperties) = preSolution
		HideSolutionNode = FALSE
	EndGlobalSection
	GlobalSection(ExtensibilityGlobals) = postSolution
		SolutionGuid = {1D6E9A55-3FDB-489E-95DC-743D0B94A4F8}
	EndGlobalSection
EndGlobal
